// !$*UTF8*$!
{
	archiveVersion = 1;
	classes = {
	};
	objectVersion = 56;
	objects = {

/* Begin PBXBuildFile section */
		C55751302C301A46002BBA6E /* EventsHistoryView.swift in Sources */ = {isa = PBXBuildFile; fileRef = C557512F2C301A46002BBA6E /* EventsHistoryView.swift */; };
		C55751322C301DC9002BBA6E /* EventEntity.swift in Sources */ = {isa = PBXBuildFile; fileRef = C55751312C301DC9002BBA6E /* EventEntity.swift */; };
		C55751382C302EB6002BBA6E /* NewEventView.swift in Sources */ = {isa = PBXBuildFile; fileRef = C55751372C302EB6002BBA6E /* NewEventView.swift */; };
		C557513A2C302F7B002BBA6E /* MainViewModel.swift in Sources */ = {isa = PBXBuildFile; fileRef = C55751392C302F7B002BBA6E /* MainViewModel.swift */; };
		C57127332C270F8500B6AE16 /* GoogleService-Info.plist in Resources */ = {isa = PBXBuildFile; fileRef = C57127322C270F8500B6AE16 /* GoogleService-Info.plist */; };
		C57127362C27108F00B6AE16 /* FirebaseAnalytics in Frameworks */ = {isa = PBXBuildFile; productRef = C57127352C27108F00B6AE16 /* FirebaseAnalytics */; };
		C57127382C27108F00B6AE16 /* FirebaseCrashlytics in Frameworks */ = {isa = PBXBuildFile; productRef = C57127372C27108F00B6AE16 /* FirebaseCrashlytics */; };
		C571273E2C271A2400B6AE16 /* FirebaseStorage in Frameworks */ = {isa = PBXBuildFile; productRef = C571273D2C271A2400B6AE16 /* FirebaseStorage */; };
		C57127402C27272200B6AE16 /* QRCodeView.swift in Sources */ = {isa = PBXBuildFile; fileRef = C571273F2C27272200B6AE16 /* QRCodeView.swift */; };
		C57127422C27308F00B6AE16 /* StorageManager.swift in Sources */ = {isa = PBXBuildFile; fileRef = C57127412C27308F00B6AE16 /* StorageManager.swift */; };
		C581B51E2C26CC34000BCD35 /* CalendarcoApp.swift in Sources */ = {isa = PBXBuildFile; fileRef = C581B51D2C26CC34000BCD35 /* CalendarcoApp.swift */; };
		C581B5242C26CC35000BCD35 /* Assets.xcassets in Resources */ = {isa = PBXBuildFile; fileRef = C581B5232C26CC35000BCD35 /* Assets.xcassets */; };
		C581B5272C26CC35000BCD35 /* Preview Assets.xcassets in Resources */ = {isa = PBXBuildFile; fileRef = C581B5262C26CC35000BCD35 /* Preview Assets.xcassets */; };
		C581B52E2C26CC76000BCD35 /* MainView.swift in Sources */ = {isa = PBXBuildFile; fileRef = C581B52D2C26CC76000BCD35 /* MainView.swift */; };
		C5EC2BD02C285E2400531287 /* RecurrenceOption.swift in Sources */ = {isa = PBXBuildFile; fileRef = C5EC2BCF2C285E2400531287 /* RecurrenceOption.swift */; };
		C5EC2BD52C285F9B00531287 /* Event.swift in Sources */ = {isa = PBXBuildFile; fileRef = C5EC2BD42C285F9B00531287 /* Event.swift */; };
		C5FD50E22C26D5FA0018C543 /* CalendarEventDocument.swift in Sources */ = {isa = PBXBuildFile; fileRef = C5FD50E12C26D5FA0018C543 /* CalendarEventDocument.swift */; };
		C5FD50E42C26D60F0018C543 /* NewEventViewModel.swift in Sources */ = {isa = PBXBuildFile; fileRef = C5FD50E32C26D60F0018C543 /* NewEventViewModel.swift */; };
/* End PBXBuildFile section */

/* Begin PBXFileReference section */
		C557512F2C301A46002BBA6E /* EventsHistoryView.swift */ = {isa = PBXFileReference; lastKnownFileType = sourcecode.swift; path = EventsHistoryView.swift; sourceTree = "<group>"; };
		C55751312C301DC9002BBA6E /* EventEntity.swift */ = {isa = PBXFileReference; lastKnownFileType = sourcecode.swift; path = EventEntity.swift; sourceTree = "<group>"; };
		C55751372C302EB6002BBA6E /* NewEventView.swift */ = {isa = PBXFileReference; lastKnownFileType = sourcecode.swift; path = NewEventView.swift; sourceTree = "<group>"; };
		C55751392C302F7B002BBA6E /* MainViewModel.swift */ = {isa = PBXFileReference; lastKnownFileType = sourcecode.swift; path = MainViewModel.swift; sourceTree = "<group>"; };
		C57127322C270F8500B6AE16 /* GoogleService-Info.plist */ = {isa = PBXFileReference; fileEncoding = 4; lastKnownFileType = text.plist.xml; path = "GoogleService-Info.plist"; sourceTree = "<group>"; };
		C571273F2C27272200B6AE16 /* QRCodeView.swift */ = {isa = PBXFileReference; lastKnownFileType = sourcecode.swift; path = QRCodeView.swift; sourceTree = "<group>"; };
		C57127412C27308F00B6AE16 /* StorageManager.swift */ = {isa = PBXFileReference; lastKnownFileType = sourcecode.swift; path = StorageManager.swift; sourceTree = "<group>"; };
		C581B51A2C26CC34000BCD35 /* Calendarco.app */ = {isa = PBXFileReference; explicitFileType = wrapper.application; includeInIndex = 0; path = Calendarco.app; sourceTree = BUILT_PRODUCTS_DIR; };
		C581B51D2C26CC34000BCD35 /* CalendarcoApp.swift */ = {isa = PBXFileReference; lastKnownFileType = sourcecode.swift; path = CalendarcoApp.swift; sourceTree = "<group>"; };
		C581B5232C26CC35000BCD35 /* Assets.xcassets */ = {isa = PBXFileReference; lastKnownFileType = folder.assetcatalog; path = Assets.xcassets; sourceTree = "<group>"; };
		C581B5262C26CC35000BCD35 /* Preview Assets.xcassets */ = {isa = PBXFileReference; lastKnownFileType = folder.assetcatalog; path = "Preview Assets.xcassets"; sourceTree = "<group>"; };
		C581B52D2C26CC76000BCD35 /* MainView.swift */ = {isa = PBXFileReference; lastKnownFileType = sourcecode.swift; path = MainView.swift; sourceTree = "<group>"; };
		C5EC2BCF2C285E2400531287 /* RecurrenceOption.swift */ = {isa = PBXFileReference; lastKnownFileType = sourcecode.swift; path = RecurrenceOption.swift; sourceTree = "<group>"; };
		C5EC2BD42C285F9B00531287 /* Event.swift */ = {isa = PBXFileReference; lastKnownFileType = sourcecode.swift; path = Event.swift; sourceTree = "<group>"; };
		C5FD50E12C26D5FA0018C543 /* CalendarEventDocument.swift */ = {isa = PBXFileReference; lastKnownFileType = sourcecode.swift; path = CalendarEventDocument.swift; sourceTree = "<group>"; };
		C5FD50E32C26D60F0018C543 /* NewEventViewModel.swift */ = {isa = PBXFileReference; lastKnownFileType = sourcecode.swift; path = NewEventViewModel.swift; sourceTree = "<group>"; };
/* End PBXFileReference section */

/* Begin PBXFrameworksBuildPhase section */
		C581B5172C26CC34000BCD35 /* Frameworks */ = {
			isa = PBXFrameworksBuildPhase;
			buildActionMask = 2147483647;
			files = (
				C57127362C27108F00B6AE16 /* FirebaseAnalytics in Frameworks */,
				C571273E2C271A2400B6AE16 /* FirebaseStorage in Frameworks */,
				C57127382C27108F00B6AE16 /* FirebaseCrashlytics in Frameworks */,
			);
			runOnlyForDeploymentPostprocessing = 0;
		};
/* End PBXFrameworksBuildPhase section */

/* Begin PBXGroup section */
		C55751342C302ABF002BBA6E /* Sources */ = {
			isa = PBXGroup;
			children = (
				C55751362C302EA5002BBA6E /* NewEventModule */,
				C55751352C302E87002BBA6E /* HistoryModule */,
				C5EC2BD62C285FDD00531287 /* Network */,
				C5EC2BD32C285F8B00531287 /* Models */,
				C5EC2BD22C285F7D00531287 /* SupportingViews */,
				C5EC2BD12C285F6200531287 /* MainModule */,
				C581B51D2C26CC34000BCD35 /* CalendarcoApp.swift */,
			);
			path = Sources;
			sourceTree = "<group>";
		};
		C55751352C302E87002BBA6E /* HistoryModule */ = {
			isa = PBXGroup;
			children = (
				C557512F2C301A46002BBA6E /* EventsHistoryView.swift */,
			);
			path = HistoryModule;
			sourceTree = "<group>";
		};
		C55751362C302EA5002BBA6E /* NewEventModule */ = {
			isa = PBXGroup;
			children = (
				C5FD50E32C26D60F0018C543 /* NewEventViewModel.swift */,
				C55751372C302EB6002BBA6E /* NewEventView.swift */,
			);
			path = NewEventModule;
			sourceTree = "<group>";
		};
		C581B5112C26CC34000BCD35 = {
			isa = PBXGroup;
			children = (
				C581B51C2C26CC34000BCD35 /* Calendarco */,
				C581B51B2C26CC34000BCD35 /* Products */,
			);
			sourceTree = "<group>";
		};
		C581B51B2C26CC34000BCD35 /* Products */ = {
			isa = PBXGroup;
			children = (
				C581B51A2C26CC34000BCD35 /* Calendarco.app */,
			);
			name = Products;
			sourceTree = "<group>";
		};
		C581B51C2C26CC34000BCD35 /* Calendarco */ = {
			isa = PBXGroup;
			children = (
				C55751342C302ABF002BBA6E /* Sources */,
				C5EC2BD72C285FF600531287 /* Resources */,
				C57127322C270F8500B6AE16 /* GoogleService-Info.plist */,
			);
			path = Calendarco;
			sourceTree = "<group>";
		};
		C581B5252C26CC35000BCD35 /* Preview Content */ = {
			isa = PBXGroup;
			children = (
				C581B5262C26CC35000BCD35 /* Preview Assets.xcassets */,
			);
			path = "Preview Content";
			sourceTree = "<group>";
		};
		C5EC2BD12C285F6200531287 /* MainModule */ = {
			isa = PBXGroup;
			children = (
				C581B52D2C26CC76000BCD35 /* MainView.swift */,
				C55751392C302F7B002BBA6E /* MainViewModel.swift */,
			);
			path = MainModule;
			sourceTree = "<group>";
		};
		C5EC2BD22C285F7D00531287 /* SupportingViews */ = {
			isa = PBXGroup;
			children = (
				C571273F2C27272200B6AE16 /* QRCodeView.swift */,
			);
			path = SupportingViews;
			sourceTree = "<group>";
		};
		C5EC2BD32C285F8B00531287 /* Models */ = {
			isa = PBXGroup;
			children = (
				C5FD50E12C26D5FA0018C543 /* CalendarEventDocument.swift */,
				C5EC2BCF2C285E2400531287 /* RecurrenceOption.swift */,
				C5EC2BD42C285F9B00531287 /* Event.swift */,
				C55751312C301DC9002BBA6E /* EventEntity.swift */,
			);
			path = Models;
			sourceTree = "<group>";
		};
		C5EC2BD62C285FDD00531287 /* Network */ = {
			isa = PBXGroup;
			children = (
				C57127412C27308F00B6AE16 /* StorageManager.swift */,
			);
			path = Network;
			sourceTree = "<group>";
		};
		C5EC2BD72C285FF600531287 /* Resources */ = {
			isa = PBXGroup;
			children = (
				C581B5232C26CC35000BCD35 /* Assets.xcassets */,
				C581B5252C26CC35000BCD35 /* Preview Content */,
			);
			path = Resources;
			sourceTree = "<group>";
		};
/* End PBXGroup section */

/* Begin PBXNativeTarget section */
		C581B5192C26CC34000BCD35 /* Calendarco */ = {
			isa = PBXNativeTarget;
			buildConfigurationList = C581B52A2C26CC35000BCD35 /* Build configuration list for PBXNativeTarget "Calendarco" */;
			buildPhases = (
				C581B5162C26CC34000BCD35 /* Sources */,
				C581B5172C26CC34000BCD35 /* Frameworks */,
				C581B5182C26CC34000BCD35 /* Resources */,
			);
			buildRules = (
			);
			dependencies = (
			);
			name = Calendarco;
			packageProductDependencies = (
				C57127352C27108F00B6AE16 /* FirebaseAnalytics */,
				C57127372C27108F00B6AE16 /* FirebaseCrashlytics */,
				C571273D2C271A2400B6AE16 /* FirebaseStorage */,
			);
			productName = Calendarco;
			productReference = C581B51A2C26CC34000BCD35 /* Calendarco.app */;
			productType = "com.apple.product-type.application";
		};
/* End PBXNativeTarget section */

/* Begin PBXProject section */
		C581B5122C26CC34000BCD35 /* Project object */ = {
			isa = PBXProject;
			attributes = {
				BuildIndependentTargetsInParallel = 1;
				LastSwiftUpdateCheck = 1530;
				LastUpgradeCheck = 1530;
				TargetAttributes = {
					C581B5192C26CC34000BCD35 = {
						CreatedOnToolsVersion = 15.3;
					};
				};
			};
			buildConfigurationList = C581B5152C26CC34000BCD35 /* Build configuration list for PBXProject "Calendarco" */;
			compatibilityVersion = "Xcode 14.0";
			developmentRegion = en;
			hasScannedForEncodings = 0;
			knownRegions = (
				en,
				Base,
			);
			mainGroup = C581B5112C26CC34000BCD35;
			packageReferences = (
				C57127342C27108F00B6AE16 /* XCRemoteSwiftPackageReference "firebase-ios-sdk" */,
			);
			productRefGroup = C581B51B2C26CC34000BCD35 /* Products */;
			projectDirPath = "";
			projectRoot = "";
			targets = (
				C581B5192C26CC34000BCD35 /* Calendarco */,
			);
		};
/* End PBXProject section */

/* Begin PBXResourcesBuildPhase section */
		C581B5182C26CC34000BCD35 /* Resources */ = {
			isa = PBXResourcesBuildPhase;
			buildActionMask = 2147483647;
			files = (
				C581B5272C26CC35000BCD35 /* Preview Assets.xcassets in Resources */,
				C581B5242C26CC35000BCD35 /* Assets.xcassets in Resources */,
				C57127332C270F8500B6AE16 /* GoogleService-Info.plist in Resources */,
			);
			runOnlyForDeploymentPostprocessing = 0;
		};
/* End PBXResourcesBuildPhase section */

/* Begin PBXSourcesBuildPhase section */
		C581B5162C26CC34000BCD35 /* Sources */ = {
			isa = PBXSourcesBuildPhase;
			buildActionMask = 2147483647;
			files = (
				C581B52E2C26CC76000BCD35 /* MainView.swift in Sources */,
				C57127402C27272200B6AE16 /* QRCodeView.swift in Sources */,
				C5EC2BD52C285F9B00531287 /* Event.swift in Sources */,
				C5FD50E42C26D60F0018C543 /* NewEventViewModel.swift in Sources */,
				C5FD50E22C26D5FA0018C543 /* CalendarEventDocument.swift in Sources */,
				C55751382C302EB6002BBA6E /* NewEventView.swift in Sources */,
				C55751322C301DC9002BBA6E /* EventEntity.swift in Sources */,
				C581B51E2C26CC34000BCD35 /* CalendarcoApp.swift in Sources */,
				C5EC2BD02C285E2400531287 /* RecurrenceOption.swift in Sources */,
				C55751302C301A46002BBA6E /* EventsHistoryView.swift in Sources */,
				C57127422C27308F00B6AE16 /* StorageManager.swift in Sources */,
				C557513A2C302F7B002BBA6E /* MainViewModel.swift in Sources */,
			);
			runOnlyForDeploymentPostprocessing = 0;
		};
/* End PBXSourcesBuildPhase section */

/* Begin XCBuildConfiguration section */
		C581B5282C26CC35000BCD35 /* Debug */ = {
			isa = XCBuildConfiguration;
			buildSettings = {
				ALWAYS_SEARCH_USER_PATHS = NO;
				ASSETCATALOG_COMPILER_GENERATE_SWIFT_ASSET_SYMBOL_EXTENSIONS = YES;
				CLANG_ANALYZER_NONNULL = YES;
				CLANG_ANALYZER_NUMBER_OBJECT_CONVERSION = YES_AGGRESSIVE;
				CLANG_CXX_LANGUAGE_STANDARD = "gnu++20";
				CLANG_ENABLE_MODULES = YES;
				CLANG_ENABLE_OBJC_ARC = YES;
				CLANG_ENABLE_OBJC_WEAK = YES;
				CLANG_WARN_BLOCK_CAPTURE_AUTORELEASING = YES;
				CLANG_WARN_BOOL_CONVERSION = YES;
				CLANG_WARN_COMMA = YES;
				CLANG_WARN_CONSTANT_CONVERSION = YES;
				CLANG_WARN_DEPRECATED_OBJC_IMPLEMENTATIONS = YES;
				CLANG_WARN_DIRECT_OBJC_ISA_USAGE = YES_ERROR;
				CLANG_WARN_DOCUMENTATION_COMMENTS = YES;
				CLANG_WARN_EMPTY_BODY = YES;
				CLANG_WARN_ENUM_CONVERSION = YES;
				CLANG_WARN_INFINITE_RECURSION = YES;
				CLANG_WARN_INT_CONVERSION = YES;
				CLANG_WARN_NON_LITERAL_NULL_CONVERSION = YES;
				CLANG_WARN_OBJC_IMPLICIT_RETAIN_SELF = YES;
				CLANG_WARN_OBJC_LITERAL_CONVERSION = YES;
				CLANG_WARN_OBJC_ROOT_CLASS = YES_ERROR;
				CLANG_WARN_QUOTED_INCLUDE_IN_FRAMEWORK_HEADER = YES;
				CLANG_WARN_RANGE_LOOP_ANALYSIS = YES;
				CLANG_WARN_STRICT_PROTOTYPES = YES;
				CLANG_WARN_SUSPICIOUS_MOVE = YES;
				CLANG_WARN_UNGUARDED_AVAILABILITY = YES_AGGRESSIVE;
				CLANG_WARN_UNREACHABLE_CODE = YES;
				CLANG_WARN__DUPLICATE_METHOD_MATCH = YES;
				COPY_PHASE_STRIP = NO;
				DEBUG_INFORMATION_FORMAT = dwarf;
				ENABLE_STRICT_OBJC_MSGSEND = YES;
				ENABLE_TESTABILITY = YES;
				ENABLE_USER_SCRIPT_SANDBOXING = YES;
				GCC_C_LANGUAGE_STANDARD = gnu17;
				GCC_DYNAMIC_NO_PIC = NO;
				GCC_NO_COMMON_BLOCKS = YES;
				GCC_OPTIMIZATION_LEVEL = 0;
				GCC_PREPROCESSOR_DEFINITIONS = (
					"DEBUG=1",
					"$(inherited)",
				);
				GCC_WARN_64_TO_32_BIT_CONVERSION = YES;
				GCC_WARN_ABOUT_RETURN_TYPE = YES_ERROR;
				GCC_WARN_UNDECLARED_SELECTOR = YES;
				GCC_WARN_UNINITIALIZED_AUTOS = YES_AGGRESSIVE;
				GCC_WARN_UNUSED_FUNCTION = YES;
				GCC_WARN_UNUSED_VARIABLE = YES;
				IPHONEOS_DEPLOYMENT_TARGET = 17.4;
				LOCALIZATION_PREFERS_STRING_CATALOGS = YES;
				MTL_ENABLE_DEBUG_INFO = INCLUDE_SOURCE;
				MTL_FAST_MATH = YES;
				ONLY_ACTIVE_ARCH = YES;
				SDKROOT = iphoneos;
				SWIFT_ACTIVE_COMPILATION_CONDITIONS = "DEBUG $(inherited)";
				SWIFT_OPTIMIZATION_LEVEL = "-Onone";
			};
			name = Debug;
		};
		C581B5292C26CC35000BCD35 /* Release */ = {
			isa = XCBuildConfiguration;
			buildSettings = {
				ALWAYS_SEARCH_USER_PATHS = NO;
				ASSETCATALOG_COMPILER_GENERATE_SWIFT_ASSET_SYMBOL_EXTENSIONS = YES;
				CLANG_ANALYZER_NONNULL = YES;
				CLANG_ANALYZER_NUMBER_OBJECT_CONVERSION = YES_AGGRESSIVE;
				CLANG_CXX_LANGUAGE_STANDARD = "gnu++20";
				CLANG_ENABLE_MODULES = YES;
				CLANG_ENABLE_OBJC_ARC = YES;
				CLANG_ENABLE_OBJC_WEAK = YES;
				CLANG_WARN_BLOCK_CAPTURE_AUTORELEASING = YES;
				CLANG_WARN_BOOL_CONVERSION = YES;
				CLANG_WARN_COMMA = YES;
				CLANG_WARN_CONSTANT_CONVERSION = YES;
				CLANG_WARN_DEPRECATED_OBJC_IMPLEMENTATIONS = YES;
				CLANG_WARN_DIRECT_OBJC_ISA_USAGE = YES_ERROR;
				CLANG_WARN_DOCUMENTATION_COMMENTS = YES;
				CLANG_WARN_EMPTY_BODY = YES;
				CLANG_WARN_ENUM_CONVERSION = YES;
				CLANG_WARN_INFINITE_RECURSION = YES;
				CLANG_WARN_INT_CONVERSION = YES;
				CLANG_WARN_NON_LITERAL_NULL_CONVERSION = YES;
				CLANG_WARN_OBJC_IMPLICIT_RETAIN_SELF = YES;
				CLANG_WARN_OBJC_LITERAL_CONVERSION = YES;
				CLANG_WARN_OBJC_ROOT_CLASS = YES_ERROR;
				CLANG_WARN_QUOTED_INCLUDE_IN_FRAMEWORK_HEADER = YES;
				CLANG_WARN_RANGE_LOOP_ANALYSIS = YES;
				CLANG_WARN_STRICT_PROTOTYPES = YES;
				CLANG_WARN_SUSPICIOUS_MOVE = YES;
				CLANG_WARN_UNGUARDED_AVAILABILITY = YES_AGGRESSIVE;
				CLANG_WARN_UNREACHABLE_CODE = YES;
				CLANG_WARN__DUPLICATE_METHOD_MATCH = YES;
				COPY_PHASE_STRIP = NO;
				DEBUG_INFORMATION_FORMAT = "dwarf-with-dsym";
				ENABLE_NS_ASSERTIONS = NO;
				ENABLE_STRICT_OBJC_MSGSEND = YES;
				ENABLE_USER_SCRIPT_SANDBOXING = YES;
				GCC_C_LANGUAGE_STANDARD = gnu17;
				GCC_NO_COMMON_BLOCKS = YES;
				GCC_WARN_64_TO_32_BIT_CONVERSION = YES;
				GCC_WARN_ABOUT_RETURN_TYPE = YES_ERROR;
				GCC_WARN_UNDECLARED_SELECTOR = YES;
				GCC_WARN_UNINITIALIZED_AUTOS = YES_AGGRESSIVE;
				GCC_WARN_UNUSED_FUNCTION = YES;
				GCC_WARN_UNUSED_VARIABLE = YES;
				IPHONEOS_DEPLOYMENT_TARGET = 17.4;
				LOCALIZATION_PREFERS_STRING_CATALOGS = YES;
				MTL_ENABLE_DEBUG_INFO = NO;
				MTL_FAST_MATH = YES;
				SDKROOT = iphoneos;
				SWIFT_COMPILATION_MODE = wholemodule;
				VALIDATE_PRODUCT = YES;
			};
			name = Release;
		};
		C581B52B2C26CC35000BCD35 /* Debug */ = {
			isa = XCBuildConfiguration;
			buildSettings = {
				ASSETCATALOG_COMPILER_APPICON_NAME = AppIcon;
				ASSETCATALOG_COMPILER_GLOBAL_ACCENT_COLOR_NAME = AccentColor;
				CODE_SIGN_STYLE = Automatic;
				CURRENT_PROJECT_VERSION = 1;
				DEVELOPMENT_ASSET_PATHS = "\"Calendarco/Resources/Preview Content\"";
				DEVELOPMENT_TEAM = 8Y9TGD2PJD;
				ENABLE_PREVIEWS = YES;
				GENERATE_INFOPLIST_FILE = YES;
				INFOPLIST_KEY_UIApplicationSceneManifest_Generation = YES;
				INFOPLIST_KEY_UIApplicationSupportsIndirectInputEvents = YES;
				INFOPLIST_KEY_UILaunchScreen_Generation = YES;
				INFOPLIST_KEY_UISupportedInterfaceOrientations_iPad = "UIInterfaceOrientationPortrait UIInterfaceOrientationPortraitUpsideDown UIInterfaceOrientationLandscapeLeft UIInterfaceOrientationLandscapeRight";
				INFOPLIST_KEY_UISupportedInterfaceOrientations_iPhone = "UIInterfaceOrientationPortrait UIInterfaceOrientationLandscapeLeft UIInterfaceOrientationLandscapeRight";
				IPHONEOS_DEPLOYMENT_TARGET = 17.0;
				LD_RUNPATH_SEARCH_PATHS = (
					"$(inherited)",
					"@executable_path/Frameworks",
				);
				MARKETING_VERSION = 1.0;
				PRODUCT_BUNDLE_IDENTIFIER = bunoza.Calendarco;
				PRODUCT_NAME = "$(TARGET_NAME)";
				SWIFT_EMIT_LOC_STRINGS = YES;
				SWIFT_VERSION = 5.0;
				TARGETED_DEVICE_FAMILY = "1,2";
			};
			name = Debug;
		};
		C581B52C2C26CC35000BCD35 /* Release */ = {
			isa = XCBuildConfiguration;
			buildSettings = {
				ASSETCATALOG_COMPILER_APPICON_NAME = AppIcon;
				ASSETCATALOG_COMPILER_GLOBAL_ACCENT_COLOR_NAME = AccentColor;
				CODE_SIGN_STYLE = Automatic;
				CURRENT_PROJECT_VERSION = 1;
				DEVELOPMENT_ASSET_PATHS = "\"Calendarco/Resources/Preview Content\"";
				DEVELOPMENT_TEAM = 8Y9TGD2PJD;
				ENABLE_PREVIEWS = YES;
				GENERATE_INFOPLIST_FILE = YES;
				INFOPLIST_KEY_UIApplicationSceneManifest_Generation = YES;
				INFOPLIST_KEY_UIApplicationSupportsIndirectInputEvents = YES;
				INFOPLIST_KEY_UILaunchScreen_Generation = YES;
				INFOPLIST_KEY_UISupportedInterfaceOrientations_iPad = "UIInterfaceOrientationPortrait UIInterfaceOrientationPortraitUpsideDown UIInterfaceOrientationLandscapeLeft UIInterfaceOrientationLandscapeRight";
				INFOPLIST_KEY_UISupportedInterfaceOrientations_iPhone = "UIInterfaceOrientationPortrait UIInterfaceOrientationLandscapeLeft UIInterfaceOrientationLandscapeRight";
				IPHONEOS_DEPLOYMENT_TARGET = 17.0;
				LD_RUNPATH_SEARCH_PATHS = (
					"$(inherited)",
					"@executable_path/Frameworks",
				);
				MARKETING_VERSION = 1.0;
				PRODUCT_BUNDLE_IDENTIFIER = bunoza.Calendarco;
				PRODUCT_NAME = "$(TARGET_NAME)";
				SWIFT_EMIT_LOC_STRINGS = YES;
				SWIFT_VERSION = 5.0;
				TARGETED_DEVICE_FAMILY = "1,2";
			};
			name = Release;
		};
/* End XCBuildConfiguration section */

/* Begin XCConfigurationList section */
		C581B5152C26CC34000BCD35 /* Build configuration list for PBXProject "Calendarco" */ = {
			isa = XCConfigurationList;
			buildConfigurations = (
				C581B5282C26CC35000BCD35 /* Debug */,
				C581B5292C26CC35000BCD35 /* Release */,
			);
			defaultConfigurationIsVisible = 0;
			defaultConfigurationName = Release;
		};
		C581B52A2C26CC35000BCD35 /* Build configuration list for PBXNativeTarget "Calendarco" */ = {
			isa = XCConfigurationList;
			buildConfigurations = (
				C581B52B2C26CC35000BCD35 /* Debug */,
				C581B52C2C26CC35000BCD35 /* Release */,
			);
			defaultConfigurationIsVisible = 0;
			defaultConfigurationName = Release;
		};
/* End XCConfigurationList section */

/* Begin XCRemoteSwiftPackageReference section */
		C57127342C27108F00B6AE16 /* XCRemoteSwiftPackageReference "firebase-ios-sdk" */ = {
			isa = XCRemoteSwiftPackageReference;
			repositoryURL = "https://github.com/firebase/firebase-ios-sdk";
			requirement = {
				kind = upToNextMinorVersion;
				minimumVersion = 10.28.0;
			};
		};
/* End XCRemoteSwiftPackageReference section */

/* Begin XCSwiftPackageProductDependency section */
		C57127352C27108F00B6AE16 /* FirebaseAnalytics */ = {
			isa = XCSwiftPackageProductDependency;
			package = C57127342C27108F00B6AE16 /* XCRemoteSwiftPackageReference "firebase-ios-sdk" */;
			productName = FirebaseAnalytics;
		};
		C57127372C27108F00B6AE16 /* FirebaseCrashlytics */ = {
			isa = XCSwiftPackageProductDependency;
			package = C57127342C27108F00B6AE16 /* XCRemoteSwiftPackageReference "firebase-ios-sdk" */;
			productName = FirebaseCrashlytics;
		};
		C571273D2C271A2400B6AE16 /* FirebaseStorage */ = {
			isa = XCSwiftPackageProductDependency;
			package = C57127342C27108F00B6AE16 /* XCRemoteSwiftPackageReference "firebase-ios-sdk" */;
			productName = FirebaseStorage;
		};
/* End XCSwiftPackageProductDependency section */
	};
	rootObject = C581B5122C26CC34000BCD35 /* Project object */;
}
